// !$*UTF8*$!
{
	archiveVersion = 1;
	classes = {
	};
	objectVersion = 77;
	objects = {

/* Begin PBXBuildFile section */
		3710CBF82DB551160004F831 /* PlannerPFView.swift in Sources */ = {isa = PBXBuildFile; fileRef = 3710CBF72DB551130004F831 /* PlannerPFView.swift */; };
		3710CBFA2DB551280004F831 /* PlannerVestibularView.swift in Sources */ = {isa = PBXBuildFile; fileRef = 3710CBF92DB551200004F831 /* PlannerVestibularView.swift */; };
		3710CBFC2DB551930004F831 /* AdicionarView.swift in Sources */ = {isa = PBXBuildFile; fileRef = 3710CBFB2DB551870004F831 /* AdicionarView.swift */; };
		3710CC002DB56F7F0004F831 /* PlannerViewModel.swift in Sources */ = {isa = PBXBuildFile; fileRef = 3710CBFF2DB56F740004F831 /* PlannerViewModel.swift */; };
		3710CC022DB56F8D0004F831 /* AulasMock.swift in Sources */ = {isa = PBXBuildFile; fileRef = 3710CC012DB56F8B0004F831 /* AulasMock.swift */; };
		372E5E8E2DB573D800A1D03E /* Aula.swift in Sources */ = {isa = PBXBuildFile; fileRef = 3710CC032DB56FE50004F831 /* Aula.swift */; };
		372E5E902DB5836300A1D03E /* ProximasAulasView.swift in Sources */ = {isa = PBXBuildFile; fileRef = 372E5E8F2DB5836000A1D03E /* ProximasAulasView.swift */; };
		372E5E922DB5841F00A1D03E /* AulaCardView.swift in Sources */ = {isa = PBXBuildFile; fileRef = 372E5E912DB5841D00A1D03E /* AulaCardView.swift */; };
		372E5E962DB58B6500A1D03E /* AdicionarAulaView.swift in Sources */ = {isa = PBXBuildFile; fileRef = 372E5E952DB58B3700A1D03E /* AdicionarAulaView.swift */; };
		373BDF252DB524F40036ADC8 /* PlannerApp.swift in Sources */ = {isa = PBXBuildFile; fileRef = 373BDF242DB524F40036ADC8 /* PlannerApp.swift */; };
		373BDF2C2DB524F40036ADC8 /* ContentView.swift in Sources */ = {isa = PBXBuildFile; fileRef = 373BDF2B2DB524F40036ADC8 /* ContentView.swift */; };
		37E1A3EC2DB5B2350060A985 /* AulaFuturaView.swift in Sources */ = {isa = PBXBuildFile; fileRef = 37E1A3EB2DB5B22E0060A985 /* AulaFuturaView.swift */; };
		37E28F9A2DB5B9A10088F316 /* Assets.xcassets in Resources */ = {isa = PBXBuildFile; fileRef = 37E28F992DB5B9A10088F316 /* Assets.xcassets */; };
		37E28F9C2DB5BBF30088F316 /* AulasVestibularMock.swift in Sources */ = {isa = PBXBuildFile; fileRef = 37E28F9B2DB5BBE70088F316 /* AulasVestibularMock.swift */; };
		37E28F9E2DB5BCF40088F316 /* PlannerVestibularViewModel.swift in Sources */ = {isa = PBXBuildFile; fileRef = 37E28F9D2DB5BCF10088F316 /* PlannerVestibularViewModel.swift */; };
		37E28FA02DB5BDB50088F316 /* AulaVestibularCard.swift in Sources */ = {isa = PBXBuildFile; fileRef = 37E28F9F2DB5BDB30088F316 /* AulaVestibularCard.swift */; };
		37E28FA22DB5BE440088F316 /* RevisaoVestibularCard.swift in Sources */ = {isa = PBXBuildFile; fileRef = 37E28FA12DB5BE3C0088F316 /* RevisaoVestibularCard.swift */; };
		37E28FA42DB5BE9E0088F316 /* ProximasAulasVestibularView.swift in Sources */ = {isa = PBXBuildFile; fileRef = 37E28FA32DB5BE920088F316 /* ProximasAulasVestibularView.swift */; };
		37E28FA62DB5BF6C0088F316 /* AdicionarAulaVestibularView.swift in Sources */ = {isa = PBXBuildFile; fileRef = 37E28FA52DB5BF6A0088F316 /* AdicionarAulaVestibularView.swift */; };
		37E28FA82DB5C84C0088F316 /* PlannerCustomViewModel.swift in Sources */ = {isa = PBXBuildFile; fileRef = 37E28FA72DB5C84A0088F316 /* PlannerCustomViewModel.swift */; };
		37E28FAA2DB5C8690088F316 /* PlannerCustomView.swift in Sources */ = {isa = PBXBuildFile; fileRef = 37E28FA92DB5C8670088F316 /* PlannerCustomView.swift */; };
		37E28FAD2DB5CA790088F316 /* ProximasAulasCustomView.swift in Sources */ = {isa = PBXBuildFile; fileRef = 37E28FAC2DB5CA760088F316 /* ProximasAulasCustomView.swift */; };
		37E28FB22DB5CB390088F316 /* AdicionarAulaCustomView.swift in Sources */ = {isa = PBXBuildFile; fileRef = 37E28FB12DB5CB360088F316 /* AdicionarAulaCustomView.swift */; };
/* End PBXBuildFile section */

/* Begin PBXContainerItemProxy section */
		373BDF352DB524F80036ADC8 /* PBXContainerItemProxy */ = {
			isa = PBXContainerItemProxy;
			containerPortal = 373BDF192DB524F40036ADC8 /* Project object */;
			proxyType = 1;
			remoteGlobalIDString = 373BDF202DB524F40036ADC8;
			remoteInfo = Planner;
		};
		373BDF3F2DB524F80036ADC8 /* PBXContainerItemProxy */ = {
			isa = PBXContainerItemProxy;
			containerPortal = 373BDF192DB524F40036ADC8 /* Project object */;
			proxyType = 1;
			remoteGlobalIDString = 373BDF202DB524F40036ADC8;
			remoteInfo = Planner;
		};
/* End PBXContainerItemProxy section */

/* Begin PBXFileReference section */
		3710CBF72DB551130004F831 /* PlannerPFView.swift */ = {isa = PBXFileReference; lastKnownFileType = sourcecode.swift; path = PlannerPFView.swift; sourceTree = "<group>"; };
		3710CBF92DB551200004F831 /* PlannerVestibularView.swift */ = {isa = PBXFileReference; lastKnownFileType = sourcecode.swift; path = PlannerVestibularView.swift; sourceTree = "<group>"; };
		3710CBFB2DB551870004F831 /* AdicionarView.swift */ = {isa = PBXFileReference; lastKnownFileType = sourcecode.swift; path = AdicionarView.swift; sourceTree = "<group>"; };
		3710CBFF2DB56F740004F831 /* PlannerViewModel.swift */ = {isa = PBXFileReference; lastKnownFileType = sourcecode.swift; path = PlannerViewModel.swift; sourceTree = "<group>"; };
		3710CC012DB56F8B0004F831 /* AulasMock.swift */ = {isa = PBXFileReference; lastKnownFileType = sourcecode.swift; path = AulasMock.swift; sourceTree = "<group>"; };
		3710CC032DB56FE50004F831 /* Aula.swift */ = {isa = PBXFileReference; lastKnownFileType = sourcecode.swift; path = Aula.swift; sourceTree = "<group>"; };
		372E5E8F2DB5836000A1D03E /* ProximasAulasView.swift */ = {isa = PBXFileReference; lastKnownFileType = sourcecode.swift; path = ProximasAulasView.swift; sourceTree = "<group>"; };
		372E5E912DB5841D00A1D03E /* AulaCardView.swift */ = {isa = PBXFileReference; lastKnownFileType = sourcecode.swift; path = AulaCardView.swift; sourceTree = "<group>"; };
		372E5E952DB58B3700A1D03E /* AdicionarAulaView.swift */ = {isa = PBXFileReference; lastKnownFileType = sourcecode.swift; path = AdicionarAulaView.swift; sourceTree = "<group>"; };
		373BDF212DB524F40036ADC8 /* Planner.app */ = {isa = PBXFileReference; explicitFileType = wrapper.application; includeInIndex = 0; path = Planner.app; sourceTree = BUILT_PRODUCTS_DIR; };
		373BDF242DB524F40036ADC8 /* PlannerApp.swift */ = {isa = PBXFileReference; lastKnownFileType = sourcecode.swift; path = PlannerApp.swift; sourceTree = "<group>"; };
		373BDF2B2DB524F40036ADC8 /* ContentView.swift */ = {isa = PBXFileReference; lastKnownFileType = sourcecode.swift; path = ContentView.swift; sourceTree = "<group>"; };
		373BDF342DB524F80036ADC8 /* PlannerTests.xctest */ = {isa = PBXFileReference; explicitFileType = wrapper.cfbundle; includeInIndex = 0; path = PlannerTests.xctest; sourceTree = BUILT_PRODUCTS_DIR; };
		373BDF3E2DB524F80036ADC8 /* PlannerUITests.xctest */ = {isa = PBXFileReference; explicitFileType = wrapper.cfbundle; includeInIndex = 0; path = PlannerUITests.xctest; sourceTree = BUILT_PRODUCTS_DIR; };
		37E1A3EB2DB5B22E0060A985 /* AulaFuturaView.swift */ = {isa = PBXFileReference; lastKnownFileType = sourcecode.swift; path = AulaFuturaView.swift; sourceTree = "<group>"; };
		37E28F992DB5B9A10088F316 /* Assets.xcassets */ = {isa = PBXFileReference; lastKnownFileType = folder.assetcatalog; path = Assets.xcassets; sourceTree = "<group>"; };
		37E28F9B2DB5BBE70088F316 /* AulasVestibularMock.swift */ = {isa = PBXFileReference; lastKnownFileType = sourcecode.swift; path = AulasVestibularMock.swift; sourceTree = "<group>"; };
		37E28F9D2DB5BCF10088F316 /* PlannerVestibularViewModel.swift */ = {isa = PBXFileReference; lastKnownFileType = sourcecode.swift; path = PlannerVestibularViewModel.swift; sourceTree = "<group>"; };
		37E28F9F2DB5BDB30088F316 /* AulaVestibularCard.swift */ = {isa = PBXFileReference; lastKnownFileType = sourcecode.swift; path = AulaVestibularCard.swift; sourceTree = "<group>"; };
		37E28FA12DB5BE3C0088F316 /* RevisaoVestibularCard.swift */ = {isa = PBXFileReference; lastKnownFileType = sourcecode.swift; path = RevisaoVestibularCard.swift; sourceTree = "<group>"; };
		37E28FA32DB5BE920088F316 /* ProximasAulasVestibularView.swift */ = {isa = PBXFileReference; lastKnownFileType = sourcecode.swift; path = ProximasAulasVestibularView.swift; sourceTree = "<group>"; };
		37E28FA52DB5BF6A0088F316 /* AdicionarAulaVestibularView.swift */ = {isa = PBXFileReference; lastKnownFileType = sourcecode.swift; path = AdicionarAulaVestibularView.swift; sourceTree = "<group>"; };
		37E28FA72DB5C84A0088F316 /* PlannerCustomViewModel.swift */ = {isa = PBXFileReference; lastKnownFileType = sourcecode.swift; path = PlannerCustomViewModel.swift; sourceTree = "<group>"; };
		37E28FA92DB5C8670088F316 /* PlannerCustomView.swift */ = {isa = PBXFileReference; lastKnownFileType = sourcecode.swift; path = PlannerCustomView.swift; sourceTree = "<group>"; };
		37E28FAC2DB5CA760088F316 /* ProximasAulasCustomView.swift */ = {isa = PBXFileReference; lastKnownFileType = sourcecode.swift; path = ProximasAulasCustomView.swift; sourceTree = "<group>"; };
		37E28FB12DB5CB360088F316 /* AdicionarAulaCustomView.swift */ = {isa = PBXFileReference; lastKnownFileType = sourcecode.swift; path = AdicionarAulaCustomView.swift; sourceTree = "<group>"; };
/* End PBXFileReference section */

/* Begin PBXFrameworksBuildPhase section */
		373BDF1E2DB524F40036ADC8 /* Frameworks */ = {
			isa = PBXFrameworksBuildPhase;
			buildActionMask = 2147483647;
			files = (
			);
			runOnlyForDeploymentPostprocessing = 0;
		};
		373BDF312DB524F80036ADC8 /* Frameworks */ = {
			isa = PBXFrameworksBuildPhase;
			buildActionMask = 2147483647;
			files = (
			);
			runOnlyForDeploymentPostprocessing = 0;
		};
		373BDF3B2DB524F80036ADC8 /* Frameworks */ = {
			isa = PBXFrameworksBuildPhase;
			buildActionMask = 2147483647;
			files = (
			);
			runOnlyForDeploymentPostprocessing = 0;
		};
/* End PBXFrameworksBuildPhase section */

/* Begin PBXGroup section */
		3710CC042DB572D20004F831 /* Model */ = {
			isa = PBXGroup;
			children = (
				3710CC032DB56FE50004F831 /* Aula.swift */,
			);
			path = Model;
			sourceTree = "<group>";
		};
		373BDF182DB524F40036ADC8 = {
			isa = PBXGroup;
			children = (
				37E28FB12DB5CB360088F316 /* AdicionarAulaCustomView.swift */,
				37E28FAC2DB5CA760088F316 /* ProximasAulasCustomView.swift */,
				37E28FA92DB5C8670088F316 /* PlannerCustomView.swift */,
				37E28FA72DB5C84A0088F316 /* PlannerCustomViewModel.swift */,
				37E28FA52DB5BF6A0088F316 /* AdicionarAulaVestibularView.swift */,
				37E28FA32DB5BE920088F316 /* ProximasAulasVestibularView.swift */,
				37E28FA12DB5BE3C0088F316 /* RevisaoVestibularCard.swift */,
				37E28F9F2DB5BDB30088F316 /* AulaVestibularCard.swift */,
				37E28F9D2DB5BCF10088F316 /* PlannerVestibularViewModel.swift */,
				37E28F9B2DB5BBE70088F316 /* AulasVestibularMock.swift */,
				37E28F992DB5B9A10088F316 /* Assets.xcassets */,
				37E1A3EB2DB5B22E0060A985 /* AulaFuturaView.swift */,
				372E5E952DB58B3700A1D03E /* AdicionarAulaView.swift */,
				372E5E912DB5841D00A1D03E /* AulaCardView.swift */,
				372E5E8F2DB5836000A1D03E /* ProximasAulasView.swift */,
				3710CC042DB572D20004F831 /* Model */,
				3710CC012DB56F8B0004F831 /* AulasMock.swift */,
				3710CBFF2DB56F740004F831 /* PlannerViewModel.swift */,
				3710CBFB2DB551870004F831 /* AdicionarView.swift */,
				3710CBF92DB551200004F831 /* PlannerVestibularView.swift */,
				3710CBF72DB551130004F831 /* PlannerPFView.swift */,
				373BDF2B2DB524F40036ADC8 /* ContentView.swift */,
				373BDF242DB524F40036ADC8 /* PlannerApp.swift */,
				373BDF222DB524F40036ADC8 /* Products */,
			);
			sourceTree = "<group>";
		};
		373BDF222DB524F40036ADC8 /* Products */ = {
			isa = PBXGroup;
			children = (
				373BDF212DB524F40036ADC8 /* Planner.app */,
				373BDF342DB524F80036ADC8 /* PlannerTests.xctest */,
				373BDF3E2DB524F80036ADC8 /* PlannerUITests.xctest */,
			);
			name = Products;
			sourceTree = "<group>";
		};
/* End PBXGroup section */

/* Begin PBXNativeTarget section */
		373BDF202DB524F40036ADC8 /* Planner */ = {
			isa = PBXNativeTarget;
			buildConfigurationList = 373BDF482DB524F80036ADC8 /* Build configuration list for PBXNativeTarget "Planner" */;
			buildPhases = (
				373BDF1D2DB524F40036ADC8 /* Sources */,
				373BDF1E2DB524F40036ADC8 /* Frameworks */,
				373BDF1F2DB524F40036ADC8 /* Resources */,
			);
			buildRules = (
			);
			dependencies = (
			);
			name = Planner;
			packageProductDependencies = (
			);
			productName = Planner;
			productReference = 373BDF212DB524F40036ADC8 /* Planner.app */;
			productType = "com.apple.product-type.application";
		};
		373BDF332DB524F80036ADC8 /* PlannerTests */ = {
			isa = PBXNativeTarget;
			buildConfigurationList = 373BDF4B2DB524F80036ADC8 /* Build configuration list for PBXNativeTarget "PlannerTests" */;
			buildPhases = (
				373BDF302DB524F80036ADC8 /* Sources */,
				373BDF312DB524F80036ADC8 /* Frameworks */,
				373BDF322DB524F80036ADC8 /* Resources */,
			);
			buildRules = (
			);
			dependencies = (
				373BDF362DB524F80036ADC8 /* PBXTargetDependency */,
			);
			name = PlannerTests;
			packageProductDependencies = (
			);
			productName = PlannerTests;
			productReference = 373BDF342DB524F80036ADC8 /* PlannerTests.xctest */;
			productType = "com.apple.product-type.bundle.unit-test";
		};
		373BDF3D2DB524F80036ADC8 /* PlannerUITests */ = {
			isa = PBXNativeTarget;
			buildConfigurationList = 373BDF4E2DB524F80036ADC8 /* Build configuration list for PBXNativeTarget "PlannerUITests" */;
			buildPhases = (
				373BDF3A2DB524F80036ADC8 /* Sources */,
				373BDF3B2DB524F80036ADC8 /* Frameworks */,
				373BDF3C2DB524F80036ADC8 /* Resources */,
			);
			buildRules = (
			);
			dependencies = (
				373BDF402DB524F80036ADC8 /* PBXTargetDependency */,
			);
			name = PlannerUITests;
			packageProductDependencies = (
			);
			productName = PlannerUITests;
			productReference = 373BDF3E2DB524F80036ADC8 /* PlannerUITests.xctest */;
			productType = "com.apple.product-type.bundle.ui-testing";
		};
/* End PBXNativeTarget section */

/* Begin PBXProject section */
		373BDF192DB524F40036ADC8 /* Project object */ = {
			isa = PBXProject;
			attributes = {
				BuildIndependentTargetsInParallel = 1;
				LastSwiftUpdateCheck = 1630;
				LastUpgradeCheck = 1630;
				TargetAttributes = {
					373BDF202DB524F40036ADC8 = {
						CreatedOnToolsVersion = 16.3;
					};
					373BDF332DB524F80036ADC8 = {
						CreatedOnToolsVersion = 16.3;
						TestTargetID = 373BDF202DB524F40036ADC8;
					};
					373BDF3D2DB524F80036ADC8 = {
						CreatedOnToolsVersion = 16.3;
						TestTargetID = 373BDF202DB524F40036ADC8;
					};
				};
			};
			buildConfigurationList = 373BDF1C2DB524F40036ADC8 /* Build configuration list for PBXProject "Planner" */;
			developmentRegion = en;
			hasScannedForEncodings = 0;
			knownRegions = (
				en,
				Base,
			);
			mainGroup = 373BDF182DB524F40036ADC8;
			minimizedProjectReferenceProxies = 1;
			preferredProjectObjectVersion = 77;
			productRefGroup = 373BDF222DB524F40036ADC8 /* Products */;
			projectDirPath = "";
			projectRoot = "";
			targets = (
				373BDF202DB524F40036ADC8 /* Planner */,
				373BDF332DB524F80036ADC8 /* PlannerTests */,
				373BDF3D2DB524F80036ADC8 /* PlannerUITests */,
			);
		};
/* End PBXProject section */

/* Begin PBXResourcesBuildPhase section */
		373BDF1F2DB524F40036ADC8 /* Resources */ = {
			isa = PBXResourcesBuildPhase;
			buildActionMask = 2147483647;
			files = (
				37E28F9A2DB5B9A10088F316 /* Assets.xcassets in Resources */,
			);
			runOnlyForDeploymentPostprocessing = 0;
		};
		373BDF322DB524F80036ADC8 /* Resources */ = {
			isa = PBXResourcesBuildPhase;
			buildActionMask = 2147483647;
			files = (
			);
			runOnlyForDeploymentPostprocessing = 0;
		};
		373BDF3C2DB524F80036ADC8 /* Resources */ = {
			isa = PBXResourcesBuildPhase;
			buildActionMask = 2147483647;
			files = (
			);
			runOnlyForDeploymentPostprocessing = 0;
		};
/* End PBXResourcesBuildPhase section */

/* Begin PBXSourcesBuildPhase section */
		373BDF1D2DB524F40036ADC8 /* Sources */ = {
			isa = PBXSourcesBuildPhase;
			buildActionMask = 2147483647;
			files = (
				37E28F9C2DB5BBF30088F316 /* AulasVestibularMock.swift in Sources */,
				372E5E8E2DB573D800A1D03E /* Aula.swift in Sources */,
				372E5E922DB5841F00A1D03E /* AulaCardView.swift in Sources */,
				373BDF252DB524F40036ADC8 /* PlannerApp.swift in Sources */,
				37E28FA02DB5BDB50088F316 /* AulaVestibularCard.swift in Sources */,
				37E28FA42DB5BE9E0088F316 /* ProximasAulasVestibularView.swift in Sources */,
				37E28F9E2DB5BCF40088F316 /* PlannerVestibularViewModel.swift in Sources */,
				3710CBF82DB551160004F831 /* PlannerPFView.swift in Sources */,
				37E1A3EC2DB5B2350060A985 /* AulaFuturaView.swift in Sources */,
				372E5E902DB5836300A1D03E /* ProximasAulasView.swift in Sources */,
				3710CBFC2DB551930004F831 /* AdicionarView.swift in Sources */,
				37E28FA62DB5BF6C0088F316 /* AdicionarAulaVestibularView.swift in Sources */,
				37E28FAA2DB5C8690088F316 /* PlannerCustomView.swift in Sources */,
				37E28FA22DB5BE440088F316 /* RevisaoVestibularCard.swift in Sources */,
				3710CBFA2DB551280004F831 /* PlannerVestibularView.swift in Sources */,
				373BDF2C2DB524F40036ADC8 /* ContentView.swift in Sources */,
				37E28FA82DB5C84C0088F316 /* PlannerCustomViewModel.swift in Sources */,
				372E5E962DB58B6500A1D03E /* AdicionarAulaView.swift in Sources */,
				3710CC002DB56F7F0004F831 /* PlannerViewModel.swift in Sources */,
				37E28FAD2DB5CA790088F316 /* ProximasAulasCustomView.swift in Sources */,
				3710CC022DB56F8D0004F831 /* AulasMock.swift in Sources */,
				37E28FB22DB5CB390088F316 /* AdicionarAulaCustomView.swift in Sources */,
			);
			runOnlyForDeploymentPostprocessing = 0;
		};
		373BDF302DB524F80036ADC8 /* Sources */ = {
			isa = PBXSourcesBuildPhase;
			buildActionMask = 2147483647;
			files = (
			);
			runOnlyForDeploymentPostprocessing = 0;
		};
		373BDF3A2DB524F80036ADC8 /* Sources */ = {
			isa = PBXSourcesBuildPhase;
			buildActionMask = 2147483647;
			files = (
			);
			runOnlyForDeploymentPostprocessing = 0;
		};
/* End PBXSourcesBuildPhase section */

/* Begin PBXTargetDependency section */
		373BDF362DB524F80036ADC8 /* PBXTargetDependency */ = {
			isa = PBXTargetDependency;
			target = 373BDF202DB524F40036ADC8 /* Planner */;
			targetProxy = 373BDF352DB524F80036ADC8 /* PBXContainerItemProxy */;
		};
		373BDF402DB524F80036ADC8 /* PBXTargetDependency */ = {
			isa = PBXTargetDependency;
			target = 373BDF202DB524F40036ADC8 /* Planner */;
			targetProxy = 373BDF3F2DB524F80036ADC8 /* PBXContainerItemProxy */;
		};
/* End PBXTargetDependency section */

/* Begin XCBuildConfiguration section */
		373BDF462DB524F80036ADC8 /* Debug */ = {
			isa = XCBuildConfiguration;
			buildSettings = {
				ALWAYS_SEARCH_USER_PATHS = NO;
				ASSETCATALOG_COMPILER_GENERATE_SWIFT_ASSET_SYMBOL_EXTENSIONS = YES;
				CLANG_ANALYZER_NONNULL = YES;
				CLANG_ANALYZER_NUMBER_OBJECT_CONVERSION = YES_AGGRESSIVE;
				CLANG_CXX_LANGUAGE_STANDARD = "gnu++20";
				CLANG_ENABLE_MODULES = YES;
				CLANG_ENABLE_OBJC_ARC = YES;
				CLANG_ENABLE_OBJC_WEAK = YES;
				CLANG_WARN_BLOCK_CAPTURE_AUTORELEASING = YES;
				CLANG_WARN_BOOL_CONVERSION = YES;
				CLANG_WARN_COMMA = YES;
				CLANG_WARN_CONSTANT_CONVERSION = YES;
				CLANG_WARN_DEPRECATED_OBJC_IMPLEMENTATIONS = YES;
				CLANG_WARN_DIRECT_OBJC_ISA_USAGE = YES_ERROR;
				CLANG_WARN_DOCUMENTATION_COMMENTS = YES;
				CLANG_WARN_EMPTY_BODY = YES;
				CLANG_WARN_ENUM_CONVERSION = YES;
				CLANG_WARN_INFINITE_RECURSION = YES;
				CLANG_WARN_INT_CONVERSION = YES;
				CLANG_WARN_NON_LITERAL_NULL_CONVERSION = YES;
				CLANG_WARN_OBJC_IMPLICIT_RETAIN_SELF = YES;
				CLANG_WARN_OBJC_LITERAL_CONVERSION = YES;
				CLANG_WARN_OBJC_ROOT_CLASS = YES_ERROR;
				CLANG_WARN_QUOTED_INCLUDE_IN_FRAMEWORK_HEADER = YES;
				CLANG_WARN_RANGE_LOOP_ANALYSIS = YES;
				CLANG_WARN_STRICT_PROTOTYPES = YES;
				CLANG_WARN_SUSPICIOUS_MOVE = YES;
				CLANG_WARN_UNGUARDED_AVAILABILITY = YES_AGGRESSIVE;
				CLANG_WARN_UNREACHABLE_CODE = YES;
				CLANG_WARN__DUPLICATE_METHOD_MATCH = YES;
				COPY_PHASE_STRIP = NO;
				DEBUG_INFORMATION_FORMAT = dwarf;
				ENABLE_STRICT_OBJC_MSGSEND = YES;
				ENABLE_TESTABILITY = YES;
				ENABLE_USER_SCRIPT_SANDBOXING = YES;
				GCC_C_LANGUAGE_STANDARD = gnu17;
				GCC_DYNAMIC_NO_PIC = NO;
				GCC_NO_COMMON_BLOCKS = YES;
				GCC_OPTIMIZATION_LEVEL = 0;
				GCC_PREPROCESSOR_DEFINITIONS = (
					"DEBUG=1",
					"$(inherited)",
				);
				GCC_WARN_64_TO_32_BIT_CONVERSION = YES;
				GCC_WARN_ABOUT_RETURN_TYPE = YES_ERROR;
				GCC_WARN_UNDECLARED_SELECTOR = YES;
				GCC_WARN_UNINITIALIZED_AUTOS = YES_AGGRESSIVE;
				GCC_WARN_UNUSED_FUNCTION = YES;
				GCC_WARN_UNUSED_VARIABLE = YES;
				LOCALIZATION_PREFERS_STRING_CATALOGS = YES;
				MTL_ENABLE_DEBUG_INFO = INCLUDE_SOURCE;
				MTL_FAST_MATH = YES;
				ONLY_ACTIVE_ARCH = YES;
				SWIFT_ACTIVE_COMPILATION_CONDITIONS = "DEBUG $(inherited)";
				SWIFT_OPTIMIZATION_LEVEL = "-Onone";
			};
			name = Debug;
		};
		373BDF472DB524F80036ADC8 /* Release */ = {
			isa = XCBuildConfiguration;
			buildSettings = {
				ALWAYS_SEARCH_USER_PATHS = NO;
				ASSETCATALOG_COMPILER_GENERATE_SWIFT_ASSET_SYMBOL_EXTENSIONS = YES;
				CLANG_ANALYZER_NONNULL = YES;
				CLANG_ANALYZER_NUMBER_OBJECT_CONVERSION = YES_AGGRESSIVE;
				CLANG_CXX_LANGUAGE_STANDARD = "gnu++20";
				CLANG_ENABLE_MODULES = YES;
				CLANG_ENABLE_OBJC_ARC = YES;
				CLANG_ENABLE_OBJC_WEAK = YES;
				CLANG_WARN_BLOCK_CAPTURE_AUTORELEASING = YES;
				CLANG_WARN_BOOL_CONVERSION = YES;
				CLANG_WARN_COMMA = YES;
				CLANG_WARN_CONSTANT_CONVERSION = YES;
				CLANG_WARN_DEPRECATED_OBJC_IMPLEMENTATIONS = YES;
				CLANG_WARN_DIRECT_OBJC_ISA_USAGE = YES_ERROR;
				CLANG_WARN_DOCUMENTATION_COMMENTS = YES;
				CLANG_WARN_EMPTY_BODY = YES;
				CLANG_WARN_ENUM_CONVERSION = YES;
				CLANG_WARN_INFINITE_RECURSION = YES;
				CLANG_WARN_INT_CONVERSION = YES;
				CLANG_WARN_NON_LITERAL_NULL_CONVERSION = YES;
				CLANG_WARN_OBJC_IMPLICIT_RETAIN_SELF = YES;
				CLANG_WARN_OBJC_LITERAL_CONVERSION = YES;
				CLANG_WARN_OBJC_ROOT_CLASS = YES_ERROR;
				CLANG_WARN_QUOTED_INCLUDE_IN_FRAMEWORK_HEADER = YES;
				CLANG_WARN_RANGE_LOOP_ANALYSIS = YES;
				CLANG_WARN_STRICT_PROTOTYPES = YES;
				CLANG_WARN_SUSPICIOUS_MOVE = YES;
				CLANG_WARN_UNGUARDED_AVAILABILITY = YES_AGGRESSIVE;
				CLANG_WARN_UNREACHABLE_CODE = YES;
				CLANG_WARN__DUPLICATE_METHOD_MATCH = YES;
				COPY_PHASE_STRIP = NO;
				DEBUG_INFORMATION_FORMAT = "dwarf-with-dsym";
				ENABLE_NS_ASSERTIONS = NO;
				ENABLE_STRICT_OBJC_MSGSEND = YES;
				ENABLE_USER_SCRIPT_SANDBOXING = YES;
				GCC_C_LANGUAGE_STANDARD = gnu17;
				GCC_NO_COMMON_BLOCKS = YES;
				GCC_WARN_64_TO_32_BIT_CONVERSION = YES;
				GCC_WARN_ABOUT_RETURN_TYPE = YES_ERROR;
				GCC_WARN_UNDECLARED_SELECTOR = YES;
				GCC_WARN_UNINITIALIZED_AUTOS = YES_AGGRESSIVE;
				GCC_WARN_UNUSED_FUNCTION = YES;
				GCC_WARN_UNUSED_VARIABLE = YES;
				LOCALIZATION_PREFERS_STRING_CATALOGS = YES;
				MTL_ENABLE_DEBUG_INFO = NO;
				MTL_FAST_MATH = YES;
				SWIFT_COMPILATION_MODE = wholemodule;
			};
			name = Release;
		};
		373BDF492DB524F80036ADC8 /* Debug */ = {
			isa = XCBuildConfiguration;
			buildSettings = {
				ASSETCATALOG_COMPILER_APPICON_NAME = AppIcon;
				ASSETCATALOG_COMPILER_GLOBAL_ACCENT_COLOR_NAME = AccentColor;
				"CODE_SIGN_IDENTITY[sdk=macosx*]" = "-";
				CODE_SIGN_STYLE = Automatic;
				CURRENT_PROJECT_VERSION = 1;
				DEVELOPMENT_TEAM = 8LJJXYV5S5;
				ENABLE_PREVIEWS = YES;
				GENERATE_INFOPLIST_FILE = YES;
				"INFOPLIST_KEY_UIApplicationSceneManifest_Generation[sdk=iphoneos*]" = YES;
				"INFOPLIST_KEY_UIApplicationSceneManifest_Generation[sdk=iphonesimulator*]" = YES;
				"INFOPLIST_KEY_UIApplicationSupportsIndirectInputEvents[sdk=iphoneos*]" = YES;
				"INFOPLIST_KEY_UIApplicationSupportsIndirectInputEvents[sdk=iphonesimulator*]" = YES;
				"INFOPLIST_KEY_UILaunchScreen_Generation[sdk=iphoneos*]" = YES;
				"INFOPLIST_KEY_UILaunchScreen_Generation[sdk=iphonesimulator*]" = YES;
				"INFOPLIST_KEY_UIStatusBarStyle[sdk=iphoneos*]" = UIStatusBarStyleDefault;
				"INFOPLIST_KEY_UIStatusBarStyle[sdk=iphonesimulator*]" = UIStatusBarStyleDefault;
				INFOPLIST_KEY_UISupportedInterfaceOrientations_iPad = "UIInterfaceOrientationPortrait UIInterfaceOrientationPortraitUpsideDown UIInterfaceOrientationLandscapeLeft UIInterfaceOrientationLandscapeRight";
				INFOPLIST_KEY_UISupportedInterfaceOrientations_iPhone = "UIInterfaceOrientationPortrait UIInterfaceOrientationLandscapeLeft UIInterfaceOrientationLandscapeRight";
				IPHONEOS_DEPLOYMENT_TARGET = 18.4;
				LD_RUNPATH_SEARCH_PATHS = "@executable_path/Frameworks";
				"LD_RUNPATH_SEARCH_PATHS[sdk=macosx*]" = "@executable_path/../Frameworks";
				MACOSX_DEPLOYMENT_TARGET = 15.3;
				MARKETING_VERSION = 1.0;
				PRODUCT_BUNDLE_IDENTIFIER = com.amandasilva.PlannerApp;
				PRODUCT_NAME = "$(TARGET_NAME)";
				REGISTER_APP_GROUPS = YES;
				SDKROOT = auto;
				SUPPORTED_PLATFORMS = "iphoneos iphonesimulator macosx xros xrsimulator";
				SWIFT_EMIT_LOC_STRINGS = YES;
				SWIFT_VERSION = 5.0;
				TARGETED_DEVICE_FAMILY = "1,2,7";
				XROS_DEPLOYMENT_TARGET = 2.4;
			};
			name = Debug;
		};
		373BDF4A2DB524F80036ADC8 /* Release */ = {
			isa = XCBuildConfiguration;
			buildSettings = {
				ASSETCATALOG_COMPILER_APPICON_NAME = AppIcon;
				ASSETCATALOG_COMPILER_GLOBAL_ACCENT_COLOR_NAME = AccentColor;
				"CODE_SIGN_IDENTITY[sdk=macosx*]" = "-";
				CODE_SIGN_STYLE = Automatic;
				CURRENT_PROJECT_VERSION = 1;
				DEVELOPMENT_TEAM = 8LJJXYV5S5;
				ENABLE_PREVIEWS = YES;
				GENERATE_INFOPLIST_FILE = YES;
				"INFOPLIST_KEY_UIApplicationSceneManifest_Generation[sdk=iphoneos*]" = YES;
				"INFOPLIST_KEY_UIApplicationSceneManifest_Generation[sdk=iphonesimulator*]" = YES;
				"INFOPLIST_KEY_UIApplicationSupportsIndirectInputEvents[sdk=iphoneos*]" = YES;
				"INFOPLIST_KEY_UIApplicationSupportsIndirectInputEvents[sdk=iphonesimulator*]" = YES;
				"INFOPLIST_KEY_UILaunchScreen_Generation[sdk=iphoneos*]" = YES;
				"INFOPLIST_KEY_UILaunchScreen_Generation[sdk=iphonesimulator*]" = YES;
				"INFOPLIST_KEY_UIStatusBarStyle[sdk=iphoneos*]" = UIStatusBarStyleDefault;
				"INFOPLIST_KEY_UIStatusBarStyle[sdk=iphonesimulator*]" = UIStatusBarStyleDefault;
				INFOPLIST_KEY_UISupportedInterfaceOrientations_iPad = "UIInterfaceOrientationPortrait UIInterfaceOrientationPortraitUpsideDown UIInterfaceOrientationLandscapeLeft UIInterfaceOrientationLandscapeRight";
				INFOPLIST_KEY_UISupportedInterfaceOrientations_iPhone = "UIInterfaceOrientationPortrait UIInterfaceOrientationLandscapeLeft UIInterfaceOrientationLandscapeRight";
				IPHONEOS_DEPLOYMENT_TARGET = 18.4;
				LD_RUNPATH_SEARCH_PATHS = "@executable_path/Frameworks";
				"LD_RUNPATH_SEARCH_PATHS[sdk=macosx*]" = "@executable_path/../Frameworks";
				MACOSX_DEPLOYMENT_TARGET = 15.3;
				MARKETING_VERSION = 1.0;
				PRODUCT_BUNDLE_IDENTIFIER = com.amandasilva.PlannerApp;
				PRODUCT_NAME = "$(TARGET_NAME)";
				REGISTER_APP_GROUPS = YES;
				SDKROOT = auto;
				SUPPORTED_PLATFORMS = "iphoneos iphonesimulator macosx xros xrsimulator";
				SWIFT_EMIT_LOC_STRINGS = YES;
				SWIFT_VERSION = 5.0;
				TARGETED_DEVICE_FAMILY = "1,2,7";
				XROS_DEPLOYMENT_TARGET = 2.4;
			};
			name = Release;
		};
		373BDF4C2DB524F80036ADC8 /* Debug */ = {
			isa = XCBuildConfiguration;
			buildSettings = {
				BUNDLE_LOADER = "$(TEST_HOST)";
				CODE_SIGN_STYLE = Automatic;
				CURRENT_PROJECT_VERSION = 1;
				GENERATE_INFOPLIST_FILE = YES;
				IPHONEOS_DEPLOYMENT_TARGET = 18.4;
				MACOSX_DEPLOYMENT_TARGET = 15.3;
				MARKETING_VERSION = 1.0;
				PRODUCT_BUNDLE_IDENTIFIER = com.amanda.planner.PlannerTests;
				PRODUCT_NAME = "$(TARGET_NAME)";
				SDKROOT = auto;
				SUPPORTED_PLATFORMS = "iphoneos iphonesimulator macosx xros xrsimulator";
				SWIFT_EMIT_LOC_STRINGS = NO;
				SWIFT_VERSION = 5.0;
				TARGETED_DEVICE_FAMILY = "1,2,7";
				TEST_HOST = "$(BUILT_PRODUCTS_DIR)/Planner.app/$(BUNDLE_EXECUTABLE_FOLDER_PATH)/Planner";
				XROS_DEPLOYMENT_TARGET = 2.4;
			};
			name = Debug;
		};
		373BDF4D2DB524F80036ADC8 /* Release */ = {
			isa = XCBuildConfiguration;
			buildSettings = {
				BUNDLE_LOADER = "$(TEST_HOST)";
				CODE_SIGN_STYLE = Automatic;
				CURRENT_PROJECT_VERSION = 1;
				GENERATE_INFOPLIST_FILE = YES;
				IPHONEOS_DEPLOYMENT_TARGET = 18.4;
				MACOSX_DEPLOYMENT_TARGET = 15.3;
				MARKETING_VERSION = 1.0;
				PRODUCT_BUNDLE_IDENTIFIER = com.amanda.planner.PlannerTests;
				PRODUCT_NAME = "$(TARGET_NAME)";
				SDKROOT = auto;
				SUPPORTED_PLATFORMS = "iphoneos iphonesimulator macosx xros xrsimulator";
				SWIFT_EMIT_LOC_STRINGS = NO;
				SWIFT_VERSION = 5.0;
				TARGETED_DEVICE_FAMILY = "1,2,7";
				TEST_HOST = "$(BUILT_PRODUCTS_DIR)/Planner.app/$(BUNDLE_EXECUTABLE_FOLDER_PATH)/Planner";
				XROS_DEPLOYMENT_TARGET = 2.4;
			};
			name = Release;
		};
		373BDF4F2DB524F80036ADC8 /* Debug */ = {
			isa = XCBuildConfiguration;
			buildSettings = {
				CODE_SIGN_STYLE = Automatic;
				CURRENT_PROJECT_VERSION = 1;
				GENERATE_INFOPLIST_FILE = YES;
				IPHONEOS_DEPLOYMENT_TARGET = 18.4;
				MACOSX_DEPLOYMENT_TARGET = 15.3;
				MARKETING_VERSION = 1.0;
				PRODUCT_BUNDLE_IDENTIFIER = com.amanda.planner.PlannerUITests;
				PRODUCT_NAME = "$(TARGET_NAME)";
				SDKROOT = auto;
				SUPPORTED_PLATFORMS = "iphoneos iphonesimulator macosx xros xrsimulator";
				SWIFT_EMIT_LOC_STRINGS = NO;
				SWIFT_VERSION = 5.0;
				TARGETED_DEVICE_FAMILY = "1,2,7";
				TEST_TARGET_NAME = Planner;
				XROS_DEPLOYMENT_TARGET = 2.4;
			};
			name = Debug;
		};
		373BDF502DB524F80036ADC8 /* Release */ = {
			isa = XCBuildConfiguration;
			buildSettings = {
				CODE_SIGN_STYLE = Automatic;
				CURRENT_PROJECT_VERSION = 1;
				GENERATE_INFOPLIST_FILE = YES;
				IPHONEOS_DEPLOYMENT_TARGET = 18.4;
				MACOSX_DEPLOYMENT_TARGET = 15.3;
				MARKETING_VERSION = 1.0;
				PRODUCT_BUNDLE_IDENTIFIER = com.amanda.planner.PlannerUITests;
				PRODUCT_NAME = "$(TARGET_NAME)";
				SDKROOT = auto;
				SUPPORTED_PLATFORMS = "iphoneos iphonesimulator macosx xros xrsimulator";
				SWIFT_EMIT_LOC_STRINGS = NO;
				SWIFT_VERSION = 5.0;
				TARGETED_DEVICE_FAMILY = "1,2,7";
				TEST_TARGET_NAME = Planner;
				XROS_DEPLOYMENT_TARGET = 2.4;
			};
			name = Release;
		};
/* End XCBuildConfiguration section */

/* Begin XCConfigurationList section */
		373BDF1C2DB524F40036ADC8 /* Build configuration list for PBXProject "Planner" */ = {
			isa = XCConfigurationList;
			buildConfigurations = (
				373BDF462DB524F80036ADC8 /* Debug */,
				373BDF472DB524F80036ADC8 /* Release */,
			);
			defaultConfigurationIsVisible = 0;
			defaultConfigurationName = Release;
		};
		373BDF482DB524F80036ADC8 /* Build configuration list for PBXNativeTarget "Planner" */ = {
			isa = XCConfigurationList;
			buildConfigurations = (
				373BDF492DB524F80036ADC8 /* Debug */,
				373BDF4A2DB524F80036ADC8 /* Release */,
			);
			defaultConfigurationIsVisible = 0;
			defaultConfigurationName = Release;
		};
		373BDF4B2DB524F80036ADC8 /* Build configuration list for PBXNativeTarget "PlannerTests" */ = {
			isa = XCConfigurationList;
			buildConfigurations = (
				373BDF4C2DB524F80036ADC8 /* Debug */,
				373BDF4D2DB524F80036ADC8 /* Release */,
			);
			defaultConfigurationIsVisible = 0;
			defaultConfigurationName = Release;
		};
		373BDF4E2DB524F80036ADC8 /* Build configuration list for PBXNativeTarget "PlannerUITests" */ = {
			isa = XCConfigurationList;
			buildConfigurations = (
				373BDF4F2DB524F80036ADC8 /* Debug */,
				373BDF502DB524F80036ADC8 /* Release */,
			);
			defaultConfigurationIsVisible = 0;
			defaultConfigurationName = Release;
		};
/* End XCConfigurationList section */
	};
	rootObject = 373BDF192DB524F40036ADC8 /* Project object */;
}
